
Microsoft Visual Studio Solution File, Format Version 12.00
# Visual Studio Version 16
VisualStudioVersion = 25.0.1700.0
MinimumVisualStudioVersion = 10.0.40219.1
Project("{FAE04EC0-301F-11D3-BF4B-00C04F79EFBC}") = "ContosoUniversity", "ContosoUniversity.csproj", "{0B9AA39D-97CD-49EE-9E40-3DCB079A8036}"
EndProject
Global
	GlobalSection(SolutionConfigurationPlatforms) = preSolution
		Debug|Any CPU = Debug|Any CPU
		Release|Any CPU = Release|Any CPU
	EndGlobalSection
	GlobalSection(ProjectConfigurationPlatforms) = postSolution
		{0B9AA39D-97CD-49EE-9E40-3DCB079A8036}.Debug|Any CPU.ActiveCfg = Debug|Any CPU
		{0B9AA39D-97CD-49EE-9E40-3DCB079A8036}.Debug|Any CPU.Build.0 = Debug|Any CPU
		{0B9AA39D-97CD-49EE-9E40-3DCB079A8036}.Release|Any CPU.ActiveCfg = Release|Any CPU
		{0B9AA39D-97CD-49EE-9E40-3DCB079A8036}.Release|Any CPU.Build.0 = Release|Any CPU
	EndGlobalSection
	GlobalSection(SolutionProperties) = preSolution
		HideSolutionNode = FALSE
	EndGlobalSection
	GlobalSection(ExtensibilityGlobals) = postSolution
		SolutionGuid = {FE5F4488-3F4F-4A85-80EC-6F382368C3EF}
	EndGlobalSection
EndGlobal
