
Microsoft Visual Studio Solution File, Format Version 12.00
# Visual Studio Version 17
VisualStudioVersion = 17.1.32414.318
MinimumVisualStudioVersion = 10.0.40219.1
Project("{FAE04EC0-301F-11D3-BF4B-00C04F79EFBC}") = "ToDo Management", "ToDo Management.csproj", "{EAA22B66-6F56-4E28-BD09-734BFB056654}"
EndProject
Global
	GlobalSection(SolutionConfigurationPlatforms) = preSolution
		Debug|Any CPU = Debug|Any CPU
		Release|Any CPU = Release|Any CPU
	EndGlobalSection
	GlobalSection(ProjectConfigurationPlatforms) = postSolution
		{EAA22B66-6F56-4E28-BD09-734BFB056654}.Debug|Any CPU.ActiveCfg = Debug|Any CPU
		{EAA22B66-6F56-4E28-BD09-734BFB056654}.Debug|Any CPU.Build.0 = Debug|Any CPU
		{EAA22B66-6F56-4E28-BD09-734BFB056654}.Release|Any CPU.ActiveCfg = Release|Any CPU
		{EAA22B66-6F56-4E28-BD09-734BFB056654}.Release|Any CPU.Build.0 = Release|Any CPU
	EndGlobalSection
	GlobalSection(SolutionProperties) = preSolution
		HideSolutionNode = FALSE
	EndGlobalSection
	GlobalSection(ExtensibilityGlobals) = postSolution
		SolutionGuid = {5A573BE0-32C3-43AC-8A6A-1F3ED7CFBD53}
	EndGlobalSection
EndGlobal
