
Microsoft Visual Studio Solution File, Format Version 12.00
# Visual Studio Version 16
VisualStudioVersion = 16.0.810.21
MinimumVisualStudioVersion = 10.0.40219.1
Project("{FAE04EC0-301F-11D3-BF4B-00C04F79EFBC}") = "ATM", "ATM.csproj", "{93A83FEE-2436-4F48-A358-D541B1CB20DF}"
EndProject
Global
	GlobalSection(SolutionConfigurationPlatforms) = preSolution
		Debug|Any CPU = Debug|Any CPU
		Release|Any CPU = Release|Any CPU
	EndGlobalSection
	GlobalSection(ProjectConfigurationPlatforms) = postSolution
		{93A83FEE-2436-4F48-A358-D541B1CB20DF}.Debug|Any CPU.ActiveCfg = Debug|Any CPU
		{93A83FEE-2436-4F48-A358-D541B1CB20DF}.Debug|Any CPU.Build.0 = Debug|Any CPU
		{93A83FEE-2436-4F48-A358-D541B1CB20DF}.Release|Any CPU.ActiveCfg = Release|Any CPU
		{93A83FEE-2436-4F48-A358-D541B1CB20DF}.Release|Any CPU.Build.0 = Release|Any CPU
	EndGlobalSection
	GlobalSection(SolutionProperties) = preSolution
		HideSolutionNode = FALSE
	EndGlobalSection
	GlobalSection(ExtensibilityGlobals) = postSolution
		SolutionGuid = {9EF954F8-2CE9-4758-A5C9-62415CD87FC2}
	EndGlobalSection
EndGlobal
