
Microsoft Visual Studio Solution File, Format Version 12.00
# Visual Studio Version 17
VisualStudioVersion = 17.2.32505.173
MinimumVisualStudioVersion = 10.0.40219.1
Project("{FAE04EC0-301F-11D3-BF4B-00C04F79EFBC}") = "LibraryApi", "LibraryApi.csproj", "{EC6FAAD6-A7D0-443C-AA64-2ECBDEE92630}"
EndProject
Global
	GlobalSection(SolutionConfigurationPlatforms) = preSolution
		Debug|Any CPU = Debug|Any CPU
		Release|Any CPU = Release|Any CPU
	EndGlobalSection
	GlobalSection(ProjectConfigurationPlatforms) = postSolution
		{EC6FAAD6-A7D0-443C-AA64-2ECBDEE92630}.Debug|Any CPU.ActiveCfg = Debug|Any CPU
		{EC6FAAD6-A7D0-443C-AA64-2ECBDEE92630}.Debug|Any CPU.Build.0 = Debug|Any CPU
		{EC6FAAD6-A7D0-443C-AA64-2ECBDEE92630}.Release|Any CPU.ActiveCfg = Release|Any CPU
		{EC6FAAD6-A7D0-443C-AA64-2ECBDEE92630}.Release|Any CPU.Build.0 = Release|Any CPU
	EndGlobalSection
	GlobalSection(SolutionProperties) = preSolution
		HideSolutionNode = FALSE
	EndGlobalSection
	GlobalSection(ExtensibilityGlobals) = postSolution
		SolutionGuid = {6131CB42-1DED-4629-8C62-1BCD3139B116}
	EndGlobalSection
EndGlobal
